PODS:
  - Alamofire (4.9.1)
  - InputMask (6.1.0)
  - Kingfisher (4.10.1)
  - Localize-Swift (3.2.0):
    - Localize-Swift/LocalizeSwiftCore (= 3.2.0)
    - Localize-Swift/UIKit (= 3.2.0)
  - Localize-Swift/LocalizeSwiftCore (3.2.0)
  - Localize-Swift/UIKit (3.2.0):
    - Localize-Swift/LocalizeSwiftCore
  - SkeletonView (1.30.1)
  - SwiftSignalRClient (0.9.0)
  - SwiftyJSON (4.3.0)
  - YandexMapsMobile (4.1.0-lite)

DEPENDENCIES:
  - Alamofire (~> 4.5)
  - InputMask
  - Kingfisher (~> 4.8)
  - Localize-Swift
  - SkeletonView
  - SwiftSignalRClient
  - SwiftyJSON (~> 4.0)
  - YandexMapsMobile (= 4.1.0-lite)

SPEC REPOS:
  trunk:
    - Alamofire
    - InputMask
    - Kingfisher
    - Localize-Swift
    - SkeletonView
    - SwiftSignalRClient
    - SwiftyJSON
    - YandexMapsMobile

SPEC CHECKSUMS:
  Alamofire: 85e8a02c69d6020a0d734f6054870d7ecb75cf18
  InputMask: 71d291dc54d2deaeac6512afb6ec2304228c0bb7
  Kingfisher: c148cd7b47ebde9989f6bc7c27dcaa79d81279a0
  Localize-Swift: 6f4475136bdb0d7b2882ea3d4ea919d70142b232
  SkeletonView: f1e8e19841be437746f07b7dc7ce4d028b698b96
  SwiftSignalRClient: aba134f3d30f7eeb01008929e387b6e66546c7d5
  SwiftyJSON: 6faa0040f8b59dead0ee07436cbf76b73c08fd08
  YandexMapsMobile: 549f83d16cb7d1ea73031163722852f408b85841

PODFILE CHECKSUM: 18fa2e7e90908550fdd76221531f130c603f27d1

COCOAPODS: 1.11.3
